// !$*UTF8*$!
{
	archiveVersion = 1;
	classes = {
	};
	objectVersion = 52;
	objects = {

/* Begin PBXBuildFile section */
		2FEFEB0D24EAC000006D4331 /* AppDelegate.swift in Sources */ = {isa = PBXBuildFile; fileRef = 2FEFEB0C24EAC000006D4331 /* AppDelegate.swift */; };
		2FEFEB0F24EAC000006D4331 /* SceneDelegate.swift in Sources */ = {isa = PBXBuildFile; fileRef = 2FEFEB0E24EAC000006D4331 /* SceneDelegate.swift */; };
		2FEFEB1124EAC000006D4331 /* TodoListViewController.swift in Sources */ = {isa = PBXBuildFile; fileRef = 2FEFEB1024EAC000006D4331 /* TodoListViewController.swift */; };
		2FEFEB1424EAC000006D4331 /* Main.storyboard in Resources */ = {isa = PBXBuildFile; fileRef = 2FEFEB1224EAC000006D4331 /* Main.storyboard */; };
		2FEFEB1624EAC000006D4331 /* Assets.xcassets in Resources */ = {isa = PBXBuildFile; fileRef = 2FEFEB1524EAC000006D4331 /* Assets.xcassets */; };
		2FEFEB1924EAC000006D4331 /* LaunchScreen.storyboard in Resources */ = {isa = PBXBuildFile; fileRef = 2FEFEB1724EAC000006D4331 /* LaunchScreen.storyboard */; };
		2FEFEB2124EAE20E006D4331 /* Item.swift in Sources */ = {isa = PBXBuildFile; fileRef = 2FEFEB2024EAE20E006D4331 /* Item.swift */; };
/* End PBXBuildFile section */

/* Begin PBXFileReference section */
		2FEFEB0924EAC000006D4331 /* to-do-list.app */ = {isa = PBXFileReference; explicitFileType = wrapper.application; includeInIndex = 0; path = "to-do-list.app"; sourceTree = BUILT_PRODUCTS_DIR; };
		2FEFEB0C24EAC000006D4331 /* AppDelegate.swift */ = {isa = PBXFileReference; lastKnownFileType = sourcecode.swift; path = AppDelegate.swift; sourceTree = "<group>"; };
		2FEFEB0E24EAC000006D4331 /* SceneDelegate.swift */ = {isa = PBXFileReference; lastKnownFileType = sourcecode.swift; path = SceneDelegate.swift; sourceTree = "<group>"; };
		2FEFEB1024EAC000006D4331 /* TodoListViewController.swift */ = {isa = PBXFileReference; lastKnownFileType = sourcecode.swift; path = TodoListViewController.swift; sourceTree = "<group>"; };
		2FEFEB1324EAC000006D4331 /* Base */ = {isa = PBXFileReference; lastKnownFileType = file.storyboard; name = Base; path = Base.lproj/Main.storyboard; sourceTree = "<group>"; };
		2FEFEB1524EAC000006D4331 /* Assets.xcassets */ = {isa = PBXFileReference; lastKnownFileType = folder.assetcatalog; path = Assets.xcassets; sourceTree = "<group>"; };
		2FEFEB1824EAC000006D4331 /* Base */ = {isa = PBXFileReference; lastKnownFileType = file.storyboard; name = Base; path = Base.lproj/LaunchScreen.storyboard; sourceTree = "<group>"; };
		2FEFEB1A24EAC000006D4331 /* Info.plist */ = {isa = PBXFileReference; lastKnownFileType = text.plist.xml; path = Info.plist; sourceTree = "<group>"; };
		2FEFEB2024EAE20E006D4331 /* Item.swift */ = {isa = PBXFileReference; lastKnownFileType = sourcecode.swift; path = Item.swift; sourceTree = "<group>"; };
/* End PBXFileReference section */

/* Begin PBXFrameworksBuildPhase section */
		2FEFEB0624EAC000006D4331 /* Frameworks */ = {
			isa = PBXFrameworksBuildPhase;
			buildActionMask = 2147483647;
			files = (
			);
			runOnlyForDeploymentPostprocessing = 0;
		};
/* End PBXFrameworksBuildPhase section */

/* Begin PBXGroup section */
		2FEFEB0024EABFFF006D4331 = {
			isa = PBXGroup;
			children = (
				2FEFEB0B24EAC000006D4331 /* to-do-list */,
				2FEFEB0A24EAC000006D4331 /* Products */,
			);
			sourceTree = "<group>";
		};
		2FEFEB0A24EAC000006D4331 /* Products */ = {
			isa = PBXGroup;
			children = (
				2FEFEB0924EAC000006D4331 /* to-do-list.app */,
			);
			name = Products;
			sourceTree = "<group>";
		};
		2FEFEB0B24EAC000006D4331 /* to-do-list */ = {
			isa = PBXGroup;
			children = (
				2FEFEB0C24EAC000006D4331 /* AppDelegate.swift */,
				2FEFEB0E24EAC000006D4331 /* SceneDelegate.swift */,
				2FEFEB2224EAE214006D4331 /* Model */,
				2FEFEB2524EAE2F0006D4331 /* View */,
				2FEFEB2424EAE2DB006D4331 /* Controller */,
				2FEFEB2324EAE292006D4331 /* Supporting files */,
				2FEFEB1A24EAC000006D4331 /* Info.plist */,
			);
			path = "to-do-list";
			sourceTree = "<group>";
		};
		2FEFEB2224EAE214006D4331 /* Model */ = {
			isa = PBXGroup;
			children = (
				2FEFEB2024EAE20E006D4331 /* Item.swift */,
			);
			path = Model;
			sourceTree = "<group>";
		};
		2FEFEB2324EAE292006D4331 /* Supporting files */ = {
			isa = PBXGroup;
			children = (
				2FEFEB1524EAC000006D4331 /* Assets.xcassets */,
			);
			path = "Supporting files";
			sourceTree = "<group>";
		};
		2FEFEB2424EAE2DB006D4331 /* Controller */ = {
			isa = PBXGroup;
			children = (
				2FEFEB1024EAC000006D4331 /* TodoListViewController.swift */,
			);
			path = Controller;
			sourceTree = "<group>";
		};
		2FEFEB2524EAE2F0006D4331 /* View */ = {
			isa = PBXGroup;
			children = (
				2FEFEB1224EAC000006D4331 /* Main.storyboard */,
				2FEFEB1724EAC000006D4331 /* LaunchScreen.storyboard */,
			);
			path = View;
			sourceTree = "<group>";
		};
/* End PBXGroup section */

/* Begin PBXNativeTarget section */
		2FEFEB0824EAC000006D4331 /* to-do-list */ = {
			isa = PBXNativeTarget;
			buildConfigurationList = 2FEFEB1D24EAC000006D4331 /* Build configuration list for PBXNativeTarget "to-do-list" */;
			buildPhases = (
				2FEFEB0524EAC000006D4331 /* Sources */,
				2FEFEB0624EAC000006D4331 /* Frameworks */,
				2FEFEB0724EAC000006D4331 /* Resources */,
			);
			buildRules = (
			);
			dependencies = (
			);
			name = "to-do-list";
			productName = "Todoey-OG";
			productReference = 2FEFEB0924EAC000006D4331 /* to-do-list.app */;
			productType = "com.apple.product-type.application";
		};
/* End PBXNativeTarget section */

/* Begin PBXProject section */
		2FEFEB0124EABFFF006D4331 /* Project object */ = {
			isa = PBXProject;
			attributes = {
				LastSwiftUpdateCheck = 1130;
				LastUpgradeCheck = 1130;
				ORGANIZATIONNAME = "Ricardo Avendaño";
				TargetAttributes = {
					2FEFEB0824EAC000006D4331 = {
						CreatedOnToolsVersion = 11.3.1;
					};
				};
			};
			buildConfigurationList = 2FEFEB0424EABFFF006D4331 /* Build configuration list for PBXProject "to-do-list" */;
			compatibilityVersion = "Xcode 11.0";
			developmentRegion = en;
			hasScannedForEncodings = 0;
			knownRegions = (
				en,
				Base,
			);
			mainGroup = 2FEFEB0024EABFFF006D4331;
			productRefGroup = 2FEFEB0A24EAC000006D4331 /* Products */;
			projectDirPath = "";
			projectRoot = "";
			targets = (
				2FEFEB0824EAC000006D4331 /* to-do-list */,
			);
		};
/* End PBXProject section */

/* Begin PBXResourcesBuildPhase section */
		2FEFEB0724EAC000006D4331 /* Resources */ = {
			isa = PBXResourcesBuildPhase;
			buildActionMask = 2147483647;
			files = (
				2FEFEB1924EAC000006D4331 /* LaunchScreen.storyboard in Resources */,
				2FEFEB1624EAC000006D4331 /* Assets.xcassets in Resources */,
				2FEFEB1424EAC000006D4331 /* Main.storyboard in Resources */,
			);
			runOnlyForDeploymentPostprocessing = 0;
		};
/* End PBXResourcesBuildPhase section */

/* Begin PBXSourcesBuildPhase section */
		2FEFEB0524EAC000006D4331 /* Sources */ = {
			isa = PBXSourcesBuildPhase;
			buildActionMask = 2147483647;
			files = (
				2FEFEB2124EAE20E006D4331 /* Item.swift in Sources */,
				2FEFEB1124EAC000006D4331 /* TodoListViewController.swift in Sources */,
				2FEFEB0D24EAC000006D4331 /* AppDelegate.swift in Sources */,
				2FEFEB0F24EAC000006D4331 /* SceneDelegate.swift in Sources */,
			);
			runOnlyForDeploymentPostprocessing = 0;
		};
/* End PBXSourcesBuildPhase section */

/* Begin PBXVariantGroup section */
		2FEFEB1224EAC000006D4331 /* Main.storyboard */ = {
			isa = PBXVariantGroup;
			children = (
				2FEFEB1324EAC000006D4331 /* Base */,
			);
			name = Main.storyboard;
			sourceTree = "<group>";
		};
		2FEFEB1724EAC000006D4331 /* LaunchScreen.storyboard */ = {
			isa = PBXVariantGroup;
			children = (
				2FEFEB1824EAC000006D4331 /* Base */,
			);
			name = LaunchScreen.storyboard;
			sourceTree = "<group>";
		};
/* End PBXVariantGroup section */

/* Begin XCBuildConfiguration section */
		2FEFEB1B24EAC000006D4331 /* Debug */ = {
			isa = XCBuildConfiguration;
			buildSettings = {
				ALWAYS_SEARCH_USER_PATHS = NO;
				CLANG_ANALYZER_NONNULL = YES;
				CLANG_ANALYZER_NUMBER_OBJECT_CONVERSION = YES_AGGRESSIVE;
				CLANG_CXX_LANGUAGE_STANDARD = "gnu++14";
				CLANG_CXX_LIBRARY = "libc++";
				CLANG_ENABLE_MODULES = YES;
				CLANG_ENABLE_OBJC_ARC = YES;
				CLANG_ENABLE_OBJC_WEAK = YES;
				CLANG_WARN_BLOCK_CAPTURE_AUTORELEASING = YES;
				CLANG_WARN_BOOL_CONVERSION = YES;
				CLANG_WARN_COMMA = YES;
				CLANG_WARN_CONSTANT_CONVERSION = YES;
				CLANG_WARN_DEPRECATED_OBJC_IMPLEMENTATIONS = YES;
				CLANG_WARN_DIRECT_OBJC_ISA_USAGE = YES_ERROR;
				CLANG_WARN_DOCUMENTATION_COMMENTS = YES;
				CLANG_WARN_EMPTY_BODY = YES;
				CLANG_WARN_ENUM_CONVERSION = YES;
				CLANG_WARN_INFINITE_RECURSION = YES;
				CLANG_WARN_INT_CONVERSION = YES;
				CLANG_WARN_NON_LITERAL_NULL_CONVERSION = YES;
				CLANG_WARN_OBJC_IMPLICIT_RETAIN_SELF = YES;
				CLANG_WARN_OBJC_LITERAL_CONVERSION = YES;
				CLANG_WARN_OBJC_ROOT_CLASS = YES_ERROR;
				CLANG_WARN_RANGE_LOOP_ANALYSIS = YES;
				CLANG_WARN_STRICT_PROTOTYPES = YES;
				CLANG_WARN_SUSPICIOUS_MOVE = YES;
				CLANG_WARN_UNGUARDED_AVAILABILITY = YES_AGGRESSIVE;
				CLANG_WARN_UNREACHABLE_CODE = YES;
				CLANG_WARN__DUPLICATE_METHOD_MATCH = YES;
				COPY_PHASE_STRIP = NO;
				DEBUG_INFORMATION_FORMAT = dwarf;
				ENABLE_STRICT_OBJC_MSGSEND = YES;
				ENABLE_TESTABILITY = YES;
				GCC_C_LANGUAGE_STANDARD = gnu11;
				GCC_DYNAMIC_NO_PIC = NO;
				GCC_NO_COMMON_BLOCKS = YES;
				GCC_OPTIMIZATION_LEVEL = 0;
				GCC_PREPROCESSOR_DEFINITIONS = (
					"DEBUG=1",
					"$(inherited)",
				);
				GCC_WARN_64_TO_32_BIT_CONVERSION = YES;
				GCC_WARN_ABOUT_RETURN_TYPE = YES_ERROR;
				GCC_WARN_UNDECLARED_SELECTOR = YES;
				GCC_WARN_UNINITIALIZED_AUTOS = YES_AGGRESSIVE;
				GCC_WARN_UNUSED_FUNCTION = YES;
				GCC_WARN_UNUSED_VARIABLE = YES;
				IPHONEOS_DEPLOYMENT_TARGET = 13.2;
				MTL_ENABLE_DEBUG_INFO = INCLUDE_SOURCE;
				MTL_FAST_MATH = YES;
				ONLY_ACTIVE_ARCH = YES;
				SDKROOT = iphoneos;
				SWIFT_ACTIVE_COMPILATION_CONDITIONS = DEBUG;
				SWIFT_OPTIMIZATION_LEVEL = "-Onone";
			};
			name = Debug;
		};
		2FEFEB1C24EAC000006D4331 /* Release */ = {
			isa = XCBuildConfiguration;
			buildSettings = {
				ALWAYS_SEARCH_USER_PATHS = NO;
				CLANG_ANALYZER_NONNULL = YES;
				CLANG_ANALYZER_NUMBER_OBJECT_CONVERSION = YES_AGGRESSIVE;
				CLANG_CXX_LANGUAGE_STANDARD = "gnu++14";
				CLANG_CXX_LIBRARY = "libc++";
				CLANG_ENABLE_MODULES = YES;
				CLANG_ENABLE_OBJC_ARC = YES;
				CLANG_ENABLE_OBJC_WEAK = YES;
				CLANG_WARN_BLOCK_CAPTURE_AUTORELEASING = YES;
				CLANG_WARN_BOOL_CONVERSION = YES;
				CLANG_WARN_COMMA = YES;
				CLANG_WARN_CONSTANT_CONVERSION = YES;
				CLANG_WARN_DEPRECATED_OBJC_IMPLEMENTATIONS = YES;
				CLANG_WARN_DIRECT_OBJC_ISA_USAGE = YES_ERROR;
				CLANG_WARN_DOCUMENTATION_COMMENTS = YES;
				CLANG_WARN_EMPTY_BODY = YES;
				CLANG_WARN_ENUM_CONVERSION = YES;
				CLANG_WARN_INFINITE_RECURSION = YES;
				CLANG_WARN_INT_CONVERSION = YES;
				CLANG_WARN_NON_LITERAL_NULL_CONVERSION = YES;
				CLANG_WARN_OBJC_IMPLICIT_RETAIN_SELF = YES;
				CLANG_WARN_OBJC_LITERAL_CONVERSION = YES;
				CLANG_WARN_OBJC_ROOT_CLASS = YES_ERROR;
				CLANG_WARN_RANGE_LOOP_ANALYSIS = YES;
				CLANG_WARN_STRICT_PROTOTYPES = YES;
				CLANG_WARN_SUSPICIOUS_MOVE = YES;
				CLANG_WARN_UNGUARDED_AVAILABILITY = YES_AGGRESSIVE;
				CLANG_WARN_UNREACHABLE_CODE = YES;
				CLANG_WARN__DUPLICATE_METHOD_MATCH = YES;
				COPY_PHASE_STRIP = NO;
				DEBUG_INFORMATION_FORMAT = "dwarf-with-dsym";
				ENABLE_NS_ASSERTIONS = NO;
				ENABLE_STRICT_OBJC_MSGSEND = YES;
				GCC_C_LANGUAGE_STANDARD = gnu11;
				GCC_NO_COMMON_BLOCKS = YES;
				GCC_WARN_64_TO_32_BIT_CONVERSION = YES;
				GCC_WARN_ABOUT_RETURN_TYPE = YES_ERROR;
				GCC_WARN_UNDECLARED_SELECTOR = YES;
				GCC_WARN_UNINITIALIZED_AUTOS = YES_AGGRESSIVE;
				GCC_WARN_UNUSED_FUNCTION = YES;
				GCC_WARN_UNUSED_VARIABLE = YES;
				IPHONEOS_DEPLOYMENT_TARGET = 13.2;
				MTL_ENABLE_DEBUG_INFO = NO;
				MTL_FAST_MATH = YES;
				SDKROOT = iphoneos;
				SWIFT_COMPILATION_MODE = wholemodule;
				SWIFT_OPTIMIZATION_LEVEL = "-O";
				VALIDATE_PRODUCT = YES;
			};
			name = Release;
		};
		2FEFEB1E24EAC000006D4331 /* Debug */ = {
			isa = XCBuildConfiguration;
			buildSettings = {
				ASSETCATALOG_COMPILER_APPICON_NAME = AppIcon;
				CODE_SIGN_STYLE = Automatic;
				DEVELOPMENT_TEAM = WPAZ7Y5G8H;
				INFOPLIST_FILE = "$(SRCROOT)/to-do-list/Info.plist";
				LD_RUNPATH_SEARCH_PATHS = (
					"$(inherited)",
					"@executable_path/Frameworks",
				);
				PRODUCT_BUNDLE_IDENTIFIER = "com.chillguire.to-do-list";
				PRODUCT_NAME = "to-do-list";
				SWIFT_VERSION = 5.0;
				TARGETED_DEVICE_FAMILY = "1,2";
			};
			name = Debug;
		};
		2FEFEB1F24EAC000006D4331 /* Release */ = {
			isa = XCBuildConfiguration;
			buildSettings = {
				ASSETCATALOG_COMPILER_APPICON_NAME = AppIcon;
				CODE_SIGN_STYLE = Automatic;
				DEVELOPMENT_TEAM = WPAZ7Y5G8H;
				INFOPLIST_FILE = "$(SRCROOT)/to-do-list/Info.plist";
				LD_RUNPATH_SEARCH_PATHS = (
					"$(inherited)",
					"@executable_path/Frameworks",
				);
				PRODUCT_BUNDLE_IDENTIFIER = "com.chillguire.to-do-list";
				PRODUCT_NAME = "to-do-list";
				SWIFT_VERSION = 5.0;
				TARGETED_DEVICE_FAMILY = "1,2";
			};
			name = Release;
		};
/* End XCBuildConfiguration section */

/* Begin XCConfigurationList section */
		2FEFEB0424EABFFF006D4331 /* Build configuration list for PBXProject "to-do-list" */ = {
			isa = XCConfigurationList;
			buildConfigurations = (
				2FEFEB1B24EAC000006D4331 /* Debug */,
				2FEFEB1C24EAC000006D4331 /* Release */,
			);
			defaultConfigurationIsVisible = 0;
			defaultConfigurationName = Release;
		};
		2FEFEB1D24EAC000006D4331 /* Build configuration list for PBXNativeTarget "to-do-list" */ = {
			isa = XCConfigurationList;
			buildConfigurations = (
				2FEFEB1E24EAC000006D4331 /* Debug */,
				2FEFEB1F24EAC000006D4331 /* Release */,
			);
			defaultConfigurationIsVisible = 0;
			defaultConfigurationName = Release;
		};
/* End XCConfigurationList section */
	};
	rootObject = 2FEFEB0124EABFFF006D4331 /* Project object */;
}
